// !$*UTF8*$!
{
	archiveVersion = 1;
	classes = {
	};
	objectVersion = 46;
	objects = {

/* Begin PBXBuildFile section */
		1DA072091F66D177000F4F9A /* AppDelegate.swift in Sources */ = {isa = PBXBuildFile; fileRef = 1DA072081F66D177000F4F9A /* AppDelegate.swift */; };
		1DA0720B1F66D177000F4F9A /* ViewController.swift in Sources */ = {isa = PBXBuildFile; fileRef = 1DA0720A1F66D177000F4F9A /* ViewController.swift */; };
		1DA0720E1F66D177000F4F9A /* Main.storyboard in Resources */ = {isa = PBXBuildFile; fileRef = 1DA0720C1F66D177000F4F9A /* Main.storyboard */; };
		1DA072101F66D177000F4F9A /* Assets.xcassets in Resources */ = {isa = PBXBuildFile; fileRef = 1DA0720F1F66D177000F4F9A /* Assets.xcassets */; };
		1DA072131F66D177000F4F9A /* LaunchScreen.storyboard in Resources */ = {isa = PBXBuildFile; fileRef = 1DA072111F66D177000F4F9A /* LaunchScreen.storyboard */; };
		1DA0721D1F66D760000F4F9A /* Ekartproducts.json in Resources */ = {isa = PBXBuildFile; fileRef = 1DA0721C1F66D760000F4F9A /* Ekartproducts.json */; };
		1DA072201F66D83F000F4F9A /* ProductListController.swift in Sources */ = {isa = PBXBuildFile; fileRef = 1DA0721F1F66D83F000F4F9A /* ProductListController.swift */; };
		1DA072221F66D87D000F4F9A /* ShoppingCartController.swift in Sources */ = {isa = PBXBuildFile; fileRef = 1DA072211F66D87D000F4F9A /* ShoppingCartController.swift */; };
		1DA072251F66D8F8000F4F9A /* ProductCell.swift in Sources */ = {isa = PBXBuildFile; fileRef = 1DA072231F66D8F8000F4F9A /* ProductCell.swift */; };
		1DA072261F66D8F8000F4F9A /* ProductCell.xib in Resources */ = {isa = PBXBuildFile; fileRef = 1DA072241F66D8F8000F4F9A /* ProductCell.xib */; };
		1DA072291F66DEAB000F4F9A /* Products.swift in Sources */ = {isa = PBXBuildFile; fileRef = 1DA072281F66DEAB000F4F9A /* Products.swift */; };
		1DA0722B1F66DEEB000F4F9A /* DataManager.swift in Sources */ = {isa = PBXBuildFile; fileRef = 1DA0722A1F66DEEB000F4F9A /* DataManager.swift */; };
		1DA0722F1F66EFFA000F4F9A /* Base.swift in Sources */ = {isa = PBXBuildFile; fileRef = 1DA0722E1F66EFFA000F4F9A /* Base.swift */; };
		3335DCC1DD643C6C238B75B9 /* Pods_ShoppingCart.framework in Frameworks */ = {isa = PBXBuildFile; fileRef = F54B32C5D6EF3D43D6C1230A /* Pods_ShoppingCart.framework */; };
/* End PBXBuildFile section */

/* Begin PBXFileReference section */
		1DA072051F66D177000F4F9A /* ShoppingCart.app */ = {isa = PBXFileReference; explicitFileType = wrapper.application; includeInIndex = 0; path = ShoppingCart.app; sourceTree = BUILT_PRODUCTS_DIR; };
		1DA072081F66D177000F4F9A /* AppDelegate.swift */ = {isa = PBXFileReference; lastKnownFileType = sourcecode.swift; path = AppDelegate.swift; sourceTree = "<group>"; };
		1DA0720A1F66D177000F4F9A /* ViewController.swift */ = {isa = PBXFileReference; lastKnownFileType = sourcecode.swift; path = ViewController.swift; sourceTree = "<group>"; };
		1DA0720D1F66D177000F4F9A /* Base */ = {isa = PBXFileReference; lastKnownFileType = file.storyboard; name = Base; path = Base.lproj/Main.storyboard; sourceTree = "<group>"; };
		1DA0720F1F66D177000F4F9A /* Assets.xcassets */ = {isa = PBXFileReference; lastKnownFileType = folder.assetcatalog; path = Assets.xcassets; sourceTree = "<group>"; };
		1DA072121F66D177000F4F9A /* Base */ = {isa = PBXFileReference; lastKnownFileType = file.storyboard; name = Base; path = Base.lproj/LaunchScreen.storyboard; sourceTree = "<group>"; };
		1DA072141F66D177000F4F9A /* Info.plist */ = {isa = PBXFileReference; lastKnownFileType = text.plist.xml; path = Info.plist; sourceTree = "<group>"; };
		1DA0721C1F66D760000F4F9A /* Ekartproducts.json */ = {isa = PBXFileReference; fileEncoding = 4; lastKnownFileType = text.json; path = Ekartproducts.json; sourceTree = "<group>"; };
		1DA0721F1F66D83F000F4F9A /* ProductListController.swift */ = {isa = PBXFileReference; fileEncoding = 4; lastKnownFileType = sourcecode.swift; path = ProductListController.swift; sourceTree = "<group>"; };
		1DA072211F66D87D000F4F9A /* ShoppingCartController.swift */ = {isa = PBXFileReference; fileEncoding = 4; lastKnownFileType = sourcecode.swift; path = ShoppingCartController.swift; sourceTree = "<group>"; };
		1DA072231F66D8F8000F4F9A /* ProductCell.swift */ = {isa = PBXFileReference; fileEncoding = 4; lastKnownFileType = sourcecode.swift; path = ProductCell.swift; sourceTree = "<group>"; };
		1DA072241F66D8F8000F4F9A /* ProductCell.xib */ = {isa = PBXFileReference; fileEncoding = 4; lastKnownFileType = file.xib; path = ProductCell.xib; sourceTree = "<group>"; };
		1DA072281F66DEAB000F4F9A /* Products.swift */ = {isa = PBXFileReference; fileEncoding = 4; lastKnownFileType = sourcecode.swift; path = Products.swift; sourceTree = "<group>"; };
		1DA0722A1F66DEEB000F4F9A /* DataManager.swift */ = {isa = PBXFileReference; fileEncoding = 4; lastKnownFileType = sourcecode.swift; path = DataManager.swift; sourceTree = "<group>"; };
		1DA0722E1F66EFFA000F4F9A /* Base.swift */ = {isa = PBXFileReference; fileEncoding = 4; lastKnownFileType = sourcecode.swift; path = Base.swift; sourceTree = "<group>"; };
		72879E3FB45CAD33EEE84303 /* Pods-ShoppingCart.debug.xcconfig */ = {isa = PBXFileReference; includeInIndex = 1; lastKnownFileType = text.xcconfig; name = "Pods-ShoppingCart.debug.xcconfig"; path = "Pods/Target Support Files/Pods-ShoppingCart/Pods-ShoppingCart.debug.xcconfig"; sourceTree = "<group>"; };
		B706D94CA309DFE06E3933CB /* Pods-ShoppingCart.release.xcconfig */ = {isa = PBXFileReference; includeInIndex = 1; lastKnownFileType = text.xcconfig; name = "Pods-ShoppingCart.release.xcconfig"; path = "Pods/Target Support Files/Pods-ShoppingCart/Pods-ShoppingCart.release.xcconfig"; sourceTree = "<group>"; };
		F54B32C5D6EF3D43D6C1230A /* Pods_ShoppingCart.framework */ = {isa = PBXFileReference; explicitFileType = wrapper.framework; includeInIndex = 0; path = Pods_ShoppingCart.framework; sourceTree = BUILT_PRODUCTS_DIR; };
/* End PBXFileReference section */

/* Begin PBXFrameworksBuildPhase section */
		1DA072021F66D177000F4F9A /* Frameworks */ = {
			isa = PBXFrameworksBuildPhase;
			buildActionMask = 2147483647;
			files = (
				3335DCC1DD643C6C238B75B9 /* Pods_ShoppingCart.framework in Frameworks */,
			);
			runOnlyForDeploymentPostprocessing = 0;
		};
/* End PBXFrameworksBuildPhase section */

/* Begin PBXGroup section */
		10050C44DE1A352783020593 /* Frameworks */ = {
			isa = PBXGroup;
			children = (
				F54B32C5D6EF3D43D6C1230A /* Pods_ShoppingCart.framework */,
			);
			name = Frameworks;
			sourceTree = "<group>";
		};
		1DA071FC1F66D177000F4F9A = {
			isa = PBXGroup;
			children = (
				1DA072071F66D177000F4F9A /* ShoppingCart */,
				1DA072061F66D177000F4F9A /* Products */,
				46EE15FB2AF020365B234FAA /* Pods */,
				10050C44DE1A352783020593 /* Frameworks */,
			);
			sourceTree = "<group>";
		};
		1DA072061F66D177000F4F9A /* Products */ = {
			isa = PBXGroup;
			children = (
				1DA072051F66D177000F4F9A /* ShoppingCart.app */,
			);
			name = Products;
			sourceTree = "<group>";
		};
		1DA072071F66D177000F4F9A /* ShoppingCart */ = {
			isa = PBXGroup;
			children = (
				1DA0721B1F66D711000F4F9A /* Datamanager */,
				1DA0721A1F66D703000F4F9A /* Model */,
				1DA0721E1F66D81F000F4F9A /* Controller */,
				1DA072081F66D177000F4F9A /* AppDelegate.swift */,
				1DA0720A1F66D177000F4F9A /* ViewController.swift */,
				1DA0720C1F66D177000F4F9A /* Main.storyboard */,
				1DA0720F1F66D177000F4F9A /* Assets.xcassets */,
				1DA072111F66D177000F4F9A /* LaunchScreen.storyboard */,
				1DA072141F66D177000F4F9A /* Info.plist */,
			);
			path = ShoppingCart;
			sourceTree = "<group>";
		};
		1DA0721A1F66D703000F4F9A /* Model */ = {
			isa = PBXGroup;
			children = (
				1DA072281F66DEAB000F4F9A /* Products.swift */,
			);
			name = Model;
			sourceTree = "<group>";
		};
		1DA0721B1F66D711000F4F9A /* Datamanager */ = {
			isa = PBXGroup;
			children = (
				1DA0721C1F66D760000F4F9A /* Ekartproducts.json */,
				1DA0722A1F66DEEB000F4F9A /* DataManager.swift */,
			);
			name = Datamanager;
			sourceTree = "<group>";
		};
		1DA0721E1F66D81F000F4F9A /* Controller */ = {
			isa = PBXGroup;
			children = (
				1DA0721F1F66D83F000F4F9A /* ProductListController.swift */,
				1DA072211F66D87D000F4F9A /* ShoppingCartController.swift */,
				1DA072271F66DB44000F4F9A /* TableCell */,
			);
			name = Controller;
			sourceTree = "<group>";
		};
		1DA072271F66DB44000F4F9A /* TableCell */ = {
			isa = PBXGroup;
			children = (
				1DA0722E1F66EFFA000F4F9A /* Base.swift */,
				1DA072231F66D8F8000F4F9A /* ProductCell.swift */,
				1DA072241F66D8F8000F4F9A /* ProductCell.xib */,
			);
			name = TableCell;
			sourceTree = "<group>";
		};
		46EE15FB2AF020365B234FAA /* Pods */ = {
			isa = PBXGroup;
			children = (
				72879E3FB45CAD33EEE84303 /* Pods-ShoppingCart.debug.xcconfig */,
				B706D94CA309DFE06E3933CB /* Pods-ShoppingCart.release.xcconfig */,
			);
			name = Pods;
			sourceTree = "<group>";
		};
/* End PBXGroup section */

/* Begin PBXNativeTarget section */
		1DA072041F66D177000F4F9A /* ShoppingCart */ = {
			isa = PBXNativeTarget;
			buildConfigurationList = 1DA072171F66D177000F4F9A /* Build configuration list for PBXNativeTarget "ShoppingCart" */;
			buildPhases = (
				7AC30AA9DC469E406AD37D8B /* [CP] Check Pods Manifest.lock */,
				1DA072011F66D177000F4F9A /* Sources */,
				1DA072021F66D177000F4F9A /* Frameworks */,
				1DA072031F66D177000F4F9A /* Resources */,
				1D14CFAB7D26BAC06DAC46D4 /* [CP] Embed Pods Frameworks */,
				72F1442530F8FE63029BA6D3 /* [CP] Copy Pods Resources */,
			);
			buildRules = (
			);
			dependencies = (
			);
			name = ShoppingCart;
			productName = ShoppingCart;
			productReference = 1DA072051F66D177000F4F9A /* ShoppingCart.app */;
			productType = "com.apple.product-type.application";
		};
/* End PBXNativeTarget section */

/* Begin PBXProject section */
		1DA071FD1F66D177000F4F9A /* Project object */ = {
			isa = PBXProject;
			attributes = {
				LastSwiftUpdateCheck = 0830;
				LastUpgradeCheck = 0830;
				ORGANIZATIONNAME = "Sedin Technologies";
				TargetAttributes = {
					1DA072041F66D177000F4F9A = {
						CreatedOnToolsVersion = 8.3.3;
						DevelopmentTeam = 546C62BX57;
						ProvisioningStyle = Automatic;
					};
				};
			};
			buildConfigurationList = 1DA072001F66D177000F4F9A /* Build configuration list for PBXProject "ShoppingCart" */;
			compatibilityVersion = "Xcode 3.2";
			developmentRegion = English;
			hasScannedForEncodings = 0;
			knownRegions = (
				en,
				Base,
			);
			mainGroup = 1DA071FC1F66D177000F4F9A;
			productRefGroup = 1DA072061F66D177000F4F9A /* Products */;
			projectDirPath = "";
			projectRoot = "";
			targets = (
				1DA072041F66D177000F4F9A /* ShoppingCart */,
			);
		};
/* End PBXProject section */

/* Begin PBXResourcesBuildPhase section */
		1DA072031F66D177000F4F9A /* Resources */ = {
			isa = PBXResourcesBuildPhase;
			buildActionMask = 2147483647;
			files = (
				1DA072261F66D8F8000F4F9A /* ProductCell.xib in Resources */,
				1DA072131F66D177000F4F9A /* LaunchScreen.storyboard in Resources */,
				1DA0721D1F66D760000F4F9A /* Ekartproducts.json in Resources */,
				1DA072101F66D177000F4F9A /* Assets.xcassets in Resources */,
				1DA0720E1F66D177000F4F9A /* Main.storyboard in Resources */,
			);
			runOnlyForDeploymentPostprocessing = 0;
		};
/* End PBXResourcesBuildPhase section */

/* Begin PBXShellScriptBuildPhase section */
		1D14CFAB7D26BAC06DAC46D4 /* [CP] Embed Pods Frameworks */ = {
			isa = PBXShellScriptBuildPhase;
			buildActionMask = 2147483647;
			files = (
			);
			inputPaths = (
			);
			name = "[CP] Embed Pods Frameworks";
			outputPaths = (
			);
			runOnlyForDeploymentPostprocessing = 0;
			shellPath = /bin/sh;
			shellScript = "\"${SRCROOT}/Pods/Target Support Files/Pods-ShoppingCart/Pods-ShoppingCart-frameworks.sh\"\n";
			showEnvVarsInLog = 0;
		};
		72F1442530F8FE63029BA6D3 /* [CP] Copy Pods Resources */ = {
			isa = PBXShellScriptBuildPhase;
			buildActionMask = 2147483647;
			files = (
			);
			inputPaths = (
			);
			name = "[CP] Copy Pods Resources";
			outputPaths = (
			);
			runOnlyForDeploymentPostprocessing = 0;
			shellPath = /bin/sh;
			shellScript = "\"${SRCROOT}/Pods/Target Support Files/Pods-ShoppingCart/Pods-ShoppingCart-resources.sh\"\n";
			showEnvVarsInLog = 0;
		};
		7AC30AA9DC469E406AD37D8B /* [CP] Check Pods Manifest.lock */ = {
			isa = PBXShellScriptBuildPhase;
			buildActionMask = 2147483647;
			files = (
			);
			inputPaths = (
			);
			name = "[CP] Check Pods Manifest.lock";
			outputPaths = (
			);
			runOnlyForDeploymentPostprocessing = 0;
			shellPath = /bin/sh;
			shellScript = "diff \"${PODS_PODFILE_DIR_PATH}/Podfile.lock\" \"${PODS_ROOT}/Manifest.lock\" > /dev/null\nif [ $? != 0 ] ; then\n    # print error to STDERR\n    echo \"error: The sandbox is not in sync with the Podfile.lock. Run 'pod install' or update your CocoaPods installation.\" >&2\n    exit 1\nfi\n";
			showEnvVarsInLog = 0;
		};
/* End PBXShellScriptBuildPhase section */

/* Begin PBXSourcesBuildPhase section */
		1DA072011F66D177000F4F9A /* Sources */ = {
			isa = PBXSourcesBuildPhase;
			buildActionMask = 2147483647;
			files = (
				1DA0722F1F66EFFA000F4F9A /* Base.swift in Sources */,
				1DA072201F66D83F000F4F9A /* ProductListController.swift in Sources */,
				1DA072221F66D87D000F4F9A /* ShoppingCartController.swift in Sources */,
				1DA072251F66D8F8000F4F9A /* ProductCell.swift in Sources */,
				1DA0722B1F66DEEB000F4F9A /* DataManager.swift in Sources */,
				1DA072291F66DEAB000F4F9A /* Products.swift in Sources */,
				1DA0720B1F66D177000F4F9A /* ViewController.swift in Sources */,
				1DA072091F66D177000F4F9A /* AppDelegate.swift in Sources */,
			);
			runOnlyForDeploymentPostprocessing = 0;
		};
/* End PBXSourcesBuildPhase section */

/* Begin PBXVariantGroup section */
		1DA0720C1F66D177000F4F9A /* Main.storyboard */ = {
			isa = PBXVariantGroup;
			children = (
				1DA0720D1F66D177000F4F9A /* Base */,
			);
			name = Main.storyboard;
			sourceTree = "<group>";
		};
		1DA072111F66D177000F4F9A /* LaunchScreen.storyboard */ = {
			isa = PBXVariantGroup;
			children = (
				1DA072121F66D177000F4F9A /* Base */,
			);
			name = LaunchScreen.storyboard;
			sourceTree = "<group>";
		};
/* End PBXVariantGroup section */

/* Begin XCBuildConfiguration section */
		1DA072151F66D177000F4F9A /* Debug */ = {
			isa = XCBuildConfiguration;
			buildSettings = {
				ALWAYS_SEARCH_USER_PATHS = NO;
				CLANG_ANALYZER_NONNULL = YES;
				CLANG_ANALYZER_NUMBER_OBJECT_CONVERSION = YES_AGGRESSIVE;
				CLANG_CXX_LANGUAGE_STANDARD = "gnu++0x";
				CLANG_CXX_LIBRARY = "libc++";
				CLANG_ENABLE_MODULES = YES;
				CLANG_ENABLE_OBJC_ARC = YES;
				CLANG_WARN_BOOL_CONVERSION = YES;
				CLANG_WARN_CONSTANT_CONVERSION = YES;
				CLANG_WARN_DIRECT_OBJC_ISA_USAGE = YES_ERROR;
				CLANG_WARN_DOCUMENTATION_COMMENTS = YES;
				CLANG_WARN_EMPTY_BODY = YES;
				CLANG_WARN_ENUM_CONVERSION = YES;
				CLANG_WARN_INFINITE_RECURSION = YES;
				CLANG_WARN_INT_CONVERSION = YES;
				CLANG_WARN_OBJC_ROOT_CLASS = YES_ERROR;
				CLANG_WARN_SUSPICIOUS_MOVE = YES;
				CLANG_WARN_UNREACHABLE_CODE = YES;
				CLANG_WARN__DUPLICATE_METHOD_MATCH = YES;
				"CODE_SIGN_IDENTITY[sdk=iphoneos*]" = "iPhone Developer";
				COPY_PHASE_STRIP = NO;
				DEBUG_INFORMATION_FORMAT = dwarf;
				ENABLE_STRICT_OBJC_MSGSEND = YES;
				ENABLE_TESTABILITY = YES;
				GCC_C_LANGUAGE_STANDARD = gnu99;
				GCC_DYNAMIC_NO_PIC = NO;
				GCC_NO_COMMON_BLOCKS = YES;
				GCC_OPTIMIZATION_LEVEL = 0;
				GCC_PREPROCESSOR_DEFINITIONS = (
					"DEBUG=1",
					"$(inherited)",
				);
				GCC_WARN_64_TO_32_BIT_CONVERSION = YES;
				GCC_WARN_ABOUT_RETURN_TYPE = YES_ERROR;
				GCC_WARN_UNDECLARED_SELECTOR = YES;
				GCC_WARN_UNINITIALIZED_AUTOS = YES_AGGRESSIVE;
				GCC_WARN_UNUSED_FUNCTION = YES;
				GCC_WARN_UNUSED_VARIABLE = YES;
				IPHONEOS_DEPLOYMENT_TARGET = 9.0;
				MTL_ENABLE_DEBUG_INFO = YES;
				ONLY_ACTIVE_ARCH = YES;
				SDKROOT = iphoneos;
				SWIFT_ACTIVE_COMPILATION_CONDITIONS = DEBUG;
				SWIFT_OPTIMIZATION_LEVEL = "-Onone";
				TARGETED_DEVICE_FAMILY = "1,2";
			};
			name = Debug;
		};
		1DA072161F66D177000F4F9A /* Release */ = {
			isa = XCBuildConfiguration;
			buildSettings = {
				ALWAYS_SEARCH_USER_PATHS = NO;
				CLANG_ANALYZER_NONNULL = YES;
				CLANG_ANALYZER_NUMBER_OBJECT_CONVERSION = YES_AGGRESSIVE;
				CLANG_CXX_LANGUAGE_STANDARD = "gnu++0x";
				CLANG_CXX_LIBRARY = "libc++";
				CLANG_ENABLE_MODULES = YES;
				CLANG_ENABLE_OBJC_ARC = YES;
				CLANG_WARN_BOOL_CONVERSION = YES;
				CLANG_WARN_CONSTANT_CONVERSION = YES;
				CLANG_WARN_DIRECT_OBJC_ISA_USAGE = YES_ERROR;
				CLANG_WARN_DOCUMENTATION_COMMENTS = YES;
				CLANG_WARN_EMPTY_BODY = YES;
				CLANG_WARN_ENUM_CONVERSION = YES;
				CLANG_WARN_INFINITE_RECURSION = YES;
				CLANG_WARN_INT_CONVERSION = YES;
				CLANG_WARN_OBJC_ROOT_CLASS = YES_ERROR;
				CLANG_WARN_SUSPICIOUS_MOVE = YES;
				CLANG_WARN_UNREACHABLE_CODE = YES;
				CLANG_WARN__DUPLICATE_METHOD_MATCH = YES;
				"CODE_SIGN_IDENTITY[sdk=iphoneos*]" = "iPhone Developer";
				COPY_PHASE_STRIP = NO;
				DEBUG_INFORMATION_FORMAT = "dwarf-with-dsym";
				ENABLE_NS_ASSERTIONS = NO;
				ENABLE_STRICT_OBJC_MSGSEND = YES;
				GCC_C_LANGUAGE_STANDARD = gnu99;
				GCC_NO_COMMON_BLOCKS = YES;
				GCC_WARN_64_TO_32_BIT_CONVERSION = YES;
				GCC_WARN_ABOUT_RETURN_TYPE = YES_ERROR;
				GCC_WARN_UNDECLARED_SELECTOR = YES;
				GCC_WARN_UNINITIALIZED_AUTOS = YES_AGGRESSIVE;
				GCC_WARN_UNUSED_FUNCTION = YES;
				GCC_WARN_UNUSED_VARIABLE = YES;
				IPHONEOS_DEPLOYMENT_TARGET = 9.0;
				MTL_ENABLE_DEBUG_INFO = NO;
				SDKROOT = iphoneos;
				SWIFT_OPTIMIZATION_LEVEL = "-Owholemodule";
				TARGETED_DEVICE_FAMILY = "1,2";
				VALIDATE_PRODUCT = YES;
			};
			name = Release;
		};
		1DA072181F66D177000F4F9A /* Debug */ = {
			isa = XCBuildConfiguration;
			baseConfigurationReference = 72879E3FB45CAD33EEE84303 /* Pods-ShoppingCart.debug.xcconfig */;
			buildSettings = {
				ASSETCATALOG_COMPILER_APPICON_NAME = AppIcon;
				DEVELOPMENT_TEAM = 546C62BX57;
				INFOPLIST_FILE = ShoppingCart/Info.plist;
				IPHONEOS_DEPLOYMENT_TARGET = 9.0;
				LD_RUNPATH_SEARCH_PATHS = "$(inherited) @executable_path/Frameworks";
				PRODUCT_BUNDLE_IDENTIFIER = com.railsfactory.ShoppingCart;
				PRODUCT_NAME = "$(TARGET_NAME)";
				SWIFT_VERSION = 3.0;
			};
			name = Debug;
		};
		1DA072191F66D177000F4F9A /* Release */ = {
			isa = XCBuildConfiguration;
			baseConfigurationReference = B706D94CA309DFE06E3933CB /* Pods-ShoppingCart.release.xcconfig */;
			buildSettings = {
				ASSETCATALOG_COMPILER_APPICON_NAME = AppIcon;
				DEVELOPMENT_TEAM = 546C62BX57;
				INFOPLIST_FILE = ShoppingCart/Info.plist;
				IPHONEOS_DEPLOYMENT_TARGET = 9.0;
				LD_RUNPATH_SEARCH_PATHS = "$(inherited) @executable_path/Frameworks";
				PRODUCT_BUNDLE_IDENTIFIER = com.railsfactory.ShoppingCart;
				PRODUCT_NAME = "$(TARGET_NAME)";
				SWIFT_VERSION = 3.0;
			};
			name = Release;
		};
/* End XCBuildConfiguration section */

/* Begin XCConfigurationList section */
		1DA072001F66D177000F4F9A /* Build configuration list for PBXProject "ShoppingCart" */ = {
			isa = XCConfigurationList;
			buildConfigurations = (
				1DA072151F66D177000F4F9A /* Debug */,
				1DA072161F66D177000F4F9A /* Release */,
			);
			defaultConfigurationIsVisible = 0;
			defaultConfigurationName = Release;
		};
		1DA072171F66D177000F4F9A /* Build configuration list for PBXNativeTarget "ShoppingCart" */ = {
			isa = XCConfigurationList;
			buildConfigurations = (
				1DA072181F66D177000F4F9A /* Debug */,
				1DA072191F66D177000F4F9A /* Release */,
			);
			defaultConfigurationIsVisible = 0;
			defaultConfigurationName = Release;
		};
/* End XCConfigurationList section */
	};
	rootObject = 1DA071FD1F66D177000F4F9A /* Project object */;
}
